
Microsoft Visual Studio Solution File, Format Version 12.00
# Visual Studio Version 17
VisualStudioVersion = 17.7.34024.191
MinimumVisualStudioVersion = 10.0.40219.1
Project("{FAE04EC0-301F-11D3-BF4B-00C04F79EFBC}") = "TestAPI", "TestAPI\TestAPI.csproj", "{FCA8E2B5-6234-4750-ABA5-FC6E51A1ECF8}"
EndProject
Global
	GlobalSection(SolutionConfigurationPlatforms) = preSolution
		Debug|Any CPU = Debug|Any CPU
		Release|Any CPU = Release|Any CPU
	EndGlobalSection
	GlobalSection(ProjectConfigurationPlatforms) = postSolution
		{FCA8E2B5-6234-4750-ABA5-FC6E51A1ECF8}.Debug|Any CPU.ActiveCfg = Debug|Any CPU
		{FCA8E2B5-6234-4750-ABA5-FC6E51A1ECF8}.Debug|Any CPU.Build.0 = Debug|Any CPU
		{FCA8E2B5-6234-4750-ABA5-FC6E51A1ECF8}.Release|Any CPU.ActiveCfg = Release|Any CPU
		{FCA8E2B5-6234-4750-ABA5-FC6E51A1ECF8}.Release|Any CPU.Build.0 = Release|Any CPU
	EndGlobalSection
	GlobalSection(SolutionProperties) = preSolution
		HideSolutionNode = FALSE
	EndGlobalSection
	GlobalSection(ExtensibilityGlobals) = postSolution
		SolutionGuid = {27F4230C-1ED0-4839-8E5C-ED7E3CC8DF50}
	EndGlobalSection
EndGlobal
